// !$*UTF8*$!
{
	archiveVersion = 1;
	classes = {
	};
	objectVersion = 56;
	objects = {

/* Begin PBXBuildFile section */
		B60B120E2BD95E1D0080446A /* AppDelegate.swift in Sources */ = {isa = PBXBuildFile; fileRef = B60B120D2BD95E1D0080446A /* AppDelegate.swift */; };
		B60B12102BD95E1D0080446A /* SceneDelegate.swift in Sources */ = {isa = PBXBuildFile; fileRef = B60B120F2BD95E1D0080446A /* SceneDelegate.swift */; };
		B60B12122BD95E1D0080446A /* LoginVC.swift in Sources */ = {isa = PBXBuildFile; fileRef = B60B12112BD95E1D0080446A /* LoginVC.swift */; };
		B60B12152BD95E1D0080446A /* Main.storyboard in Resources */ = {isa = PBXBuildFile; fileRef = B60B12132BD95E1D0080446A /* Main.storyboard */; };
		B60B12172BD95E1F0080446A /* Assets.xcassets in Resources */ = {isa = PBXBuildFile; fileRef = B60B12162BD95E1F0080446A /* Assets.xcassets */; };
		B60B121A2BD95E1F0080446A /* LaunchScreen.storyboard in Resources */ = {isa = PBXBuildFile; fileRef = B60B12182BD95E1F0080446A /* LaunchScreen.storyboard */; };
		B60B122B2BDD385D0080446A /* SignupVC.swift in Sources */ = {isa = PBXBuildFile; fileRef = B60B122A2BDD385D0080446A /* SignupVC.swift */; };
		B61F3E682BE53B6B0010F4EE /* Home.storyboard in Resources */ = {isa = PBXBuildFile; fileRef = B61F3E672BE53B6B0010F4EE /* Home.storyboard */; };
		B61F3E6C2BE53D480010F4EE /* LoginVM.swift in Sources */ = {isa = PBXBuildFile; fileRef = B61F3E6B2BE53D480010F4EE /* LoginVM.swift */; };
		B61F3E6E2BE53D5E0010F4EE /* SignupVM.swift in Sources */ = {isa = PBXBuildFile; fileRef = B61F3E6D2BE53D5E0010F4EE /* SignupVM.swift */; };
		B62FDFCB2BE2BC9800E21A3A /* Realm in Frameworks */ = {isa = PBXBuildFile; productRef = B62FDFCA2BE2BC9800E21A3A /* Realm */; };
		B62FDFCD2BE2BC9800E21A3A /* RealmSwift in Frameworks */ = {isa = PBXBuildFile; productRef = B62FDFCC2BE2BC9800E21A3A /* RealmSwift */; };
		B6B913112BDE418F001BC918 /* RealmHelper.swift in Sources */ = {isa = PBXBuildFile; fileRef = B6B913102BDE418F001BC918 /* RealmHelper.swift */; };
		B6B913132BDE419C001BC918 /* UserDefaultsHelper.swift in Sources */ = {isa = PBXBuildFile; fileRef = B6B913122BDE419C001BC918 /* UserDefaultsHelper.swift */; };
		B6B9131A2BDE43D1001BC918 /* Person.swift in Sources */ = {isa = PBXBuildFile; fileRef = B6B913192BDE43D1001BC918 /* Person.swift */; };
		B6B9131C2BDE542F001BC918 /* Extensions.swift in Sources */ = {isa = PBXBuildFile; fileRef = B6B9131B2BDE542F001BC918 /* Extensions.swift */; };
/* End PBXBuildFile section */

/* Begin PBXFileReference section */
		B60B120A2BD95E1D0080446A /* flavorful.app */ = {isa = PBXFileReference; explicitFileType = wrapper.application; includeInIndex = 0; path = flavorful.app; sourceTree = BUILT_PRODUCTS_DIR; };
		B60B120D2BD95E1D0080446A /* AppDelegate.swift */ = {isa = PBXFileReference; lastKnownFileType = sourcecode.swift; path = AppDelegate.swift; sourceTree = "<group>"; };
		B60B120F2BD95E1D0080446A /* SceneDelegate.swift */ = {isa = PBXFileReference; lastKnownFileType = sourcecode.swift; path = SceneDelegate.swift; sourceTree = "<group>"; };
		B60B12112BD95E1D0080446A /* LoginVC.swift */ = {isa = PBXFileReference; lastKnownFileType = sourcecode.swift; path = LoginVC.swift; sourceTree = "<group>"; };
		B60B12142BD95E1D0080446A /* Base */ = {isa = PBXFileReference; lastKnownFileType = file.storyboard; name = Base; path = Base.lproj/Main.storyboard; sourceTree = "<group>"; };
		B60B12162BD95E1F0080446A /* Assets.xcassets */ = {isa = PBXFileReference; lastKnownFileType = folder.assetcatalog; path = Assets.xcassets; sourceTree = "<group>"; };
		B60B12192BD95E1F0080446A /* Base */ = {isa = PBXFileReference; lastKnownFileType = file.storyboard; name = Base; path = Base.lproj/LaunchScreen.storyboard; sourceTree = "<group>"; };
		B60B121B2BD95E1F0080446A /* Info.plist */ = {isa = PBXFileReference; lastKnownFileType = text.plist.xml; path = Info.plist; sourceTree = "<group>"; };
		B60B122A2BDD385D0080446A /* SignupVC.swift */ = {isa = PBXFileReference; lastKnownFileType = sourcecode.swift; path = SignupVC.swift; sourceTree = "<group>"; };
		B61F3E672BE53B6B0010F4EE /* Home.storyboard */ = {isa = PBXFileReference; lastKnownFileType = file.storyboard; path = Home.storyboard; sourceTree = "<group>"; };
		B61F3E6B2BE53D480010F4EE /* LoginVM.swift */ = {isa = PBXFileReference; lastKnownFileType = sourcecode.swift; path = LoginVM.swift; sourceTree = "<group>"; };
		B61F3E6D2BE53D5E0010F4EE /* SignupVM.swift */ = {isa = PBXFileReference; lastKnownFileType = sourcecode.swift; path = SignupVM.swift; sourceTree = "<group>"; };
		B6B913102BDE418F001BC918 /* RealmHelper.swift */ = {isa = PBXFileReference; fileEncoding = 4; lastKnownFileType = sourcecode.swift; path = RealmHelper.swift; sourceTree = "<group>"; };
		B6B913122BDE419C001BC918 /* UserDefaultsHelper.swift */ = {isa = PBXFileReference; fileEncoding = 4; lastKnownFileType = sourcecode.swift; path = UserDefaultsHelper.swift; sourceTree = "<group>"; };
		B6B913192BDE43D1001BC918 /* Person.swift */ = {isa = PBXFileReference; lastKnownFileType = sourcecode.swift; path = Person.swift; sourceTree = "<group>"; };
		B6B9131B2BDE542F001BC918 /* Extensions.swift */ = {isa = PBXFileReference; lastKnownFileType = sourcecode.swift; path = Extensions.swift; sourceTree = "<group>"; };
/* End PBXFileReference section */

/* Begin PBXFrameworksBuildPhase section */
		B60B12072BD95E1D0080446A /* Frameworks */ = {
			isa = PBXFrameworksBuildPhase;
			buildActionMask = 2147483647;
			files = (
				B62FDFCD2BE2BC9800E21A3A /* RealmSwift in Frameworks */,
				B62FDFCB2BE2BC9800E21A3A /* Realm in Frameworks */,
			);
			runOnlyForDeploymentPostprocessing = 0;
		};
/* End PBXFrameworksBuildPhase section */

/* Begin PBXGroup section */
		B60B12012BD95E1D0080446A = {
			isa = PBXGroup;
			children = (
				B60B120C2BD95E1D0080446A /* flavorful */,
				B60B120B2BD95E1D0080446A /* Products */,
			);
			sourceTree = "<group>";
		};
		B60B120B2BD95E1D0080446A /* Products */ = {
			isa = PBXGroup;
			children = (
				B60B120A2BD95E1D0080446A /* flavorful.app */,
			);
			name = Products;
			sourceTree = "<group>";
		};
		B60B120C2BD95E1D0080446A /* flavorful */ = {
			isa = PBXGroup;
			children = (
				B60B12212BDD307B0080446A /* Core */,
				B60B12232BDD308D0080446A /* Business Layer */,
				B61F3E6A2BE53C240010F4EE /* View */,
				B60B12222BDD30850080446A /* Helpers */,
				B60B12162BD95E1F0080446A /* Assets.xcassets */,
				B60B12182BD95E1F0080446A /* LaunchScreen.storyboard */,
				B60B121B2BD95E1F0080446A /* Info.plist */,
			);
			path = flavorful;
			sourceTree = "<group>";
		};
		B60B12212BDD307B0080446A /* Core */ = {
			isa = PBXGroup;
			children = (
				B60B120D2BD95E1D0080446A /* AppDelegate.swift */,
				B60B120F2BD95E1D0080446A /* SceneDelegate.swift */,
			);
			path = Core;
			sourceTree = "<group>";
		};
		B60B12222BDD30850080446A /* Helpers */ = {
			isa = PBXGroup;
			children = (
				B6B9131B2BDE542F001BC918 /* Extensions.swift */,
				B6B913122BDE419C001BC918 /* UserDefaultsHelper.swift */,
				B6B913102BDE418F001BC918 /* RealmHelper.swift */,
			);
			path = Helpers;
			sourceTree = "<group>";
		};
		B60B12232BDD308D0080446A /* Business Layer */ = {
			isa = PBXGroup;
			children = (
				B61F3E692BE53BDC0010F4EE /* LogIn and SignUp */,
			);
			path = "Business Layer";
			sourceTree = "<group>";
		};
		B60B12242BDD30AA0080446A /* Model */ = {
			isa = PBXGroup;
			children = (
				B6B913192BDE43D1001BC918 /* Person.swift */,
			);
			path = Model;
			sourceTree = "<group>";
		};
		B60B12262BDD30CB0080446A /* View */ = {
			isa = PBXGroup;
			children = (
				B60B12132BD95E1D0080446A /* Main.storyboard */,
			);
			path = View;
			sourceTree = "<group>";
		};
		B60B12272BDD30D40080446A /* ViewModel */ = {
			isa = PBXGroup;
			children = (
				B60B12282BDD313E0080446A /* Log In */,
				B60B12292BDD314E0080446A /* Sign Up */,
			);
			path = ViewModel;
			sourceTree = "<group>";
		};
		B60B12282BDD313E0080446A /* Log In */ = {
			isa = PBXGroup;
			children = (
				B61F3E6B2BE53D480010F4EE /* LoginVM.swift */,
				B60B12112BD95E1D0080446A /* LoginVC.swift */,
			);
			path = "Log In";
			sourceTree = "<group>";
		};
		B60B12292BDD314E0080446A /* Sign Up */ = {
			isa = PBXGroup;
			children = (
				B61F3E6D2BE53D5E0010F4EE /* SignupVM.swift */,
				B60B122A2BDD385D0080446A /* SignupVC.swift */,
			);
			path = "Sign Up";
			sourceTree = "<group>";
		};
		B61F3E692BE53BDC0010F4EE /* LogIn and SignUp */ = {
			isa = PBXGroup;
			children = (
				B60B12242BDD30AA0080446A /* Model */,
				B60B12262BDD30CB0080446A /* View */,
				B60B12272BDD30D40080446A /* ViewModel */,
			);
			path = "LogIn and SignUp";
			sourceTree = "<group>";
		};
		B61F3E6A2BE53C240010F4EE /* View */ = {
			isa = PBXGroup;
			children = (
				B61F3E672BE53B6B0010F4EE /* Home.storyboard */,
			);
			path = View;
			sourceTree = "<group>";
		};
/* End PBXGroup section */

/* Begin PBXNativeTarget section */
		B60B12092BD95E1D0080446A /* flavorful */ = {
			isa = PBXNativeTarget;
			buildConfigurationList = B60B121E2BD95E1F0080446A /* Build configuration list for PBXNativeTarget "flavorful" */;
			buildPhases = (
				B60B12062BD95E1D0080446A /* Sources */,
				B60B12072BD95E1D0080446A /* Frameworks */,
				B60B12082BD95E1D0080446A /* Resources */,
			);
			buildRules = (
			);
			dependencies = (
			);
			name = flavorful;
			packageProductDependencies = (
				B62FDFCA2BE2BC9800E21A3A /* Realm */,
				B62FDFCC2BE2BC9800E21A3A /* RealmSwift */,
			);
			productName = flavorful;
			productReference = B60B120A2BD95E1D0080446A /* flavorful.app */;
			productType = "com.apple.product-type.application";
		};
/* End PBXNativeTarget section */

/* Begin PBXProject section */
		B60B12022BD95E1D0080446A /* Project object */ = {
			isa = PBXProject;
			attributes = {
				BuildIndependentTargetsInParallel = 1;
				LastSwiftUpdateCheck = 1500;
				LastUpgradeCheck = 1500;
				TargetAttributes = {
					B60B12092BD95E1D0080446A = {
						CreatedOnToolsVersion = 15.0.1;
					};
				};
			};
			buildConfigurationList = B60B12052BD95E1D0080446A /* Build configuration list for PBXProject "flavorful" */;
			compatibilityVersion = "Xcode 14.0";
			developmentRegion = en;
			hasScannedForEncodings = 0;
			knownRegions = (
				en,
				Base,
			);
			mainGroup = B60B12012BD95E1D0080446A;
			packageReferences = (
				B62FDFC92BE2BC9800E21A3A /* XCRemoteSwiftPackageReference "realm-swift" */,
			);
			productRefGroup = B60B120B2BD95E1D0080446A /* Products */;
			projectDirPath = "";
			projectRoot = "";
			targets = (
				B60B12092BD95E1D0080446A /* flavorful */,
			);
		};
/* End PBXProject section */

/* Begin PBXResourcesBuildPhase section */
		B60B12082BD95E1D0080446A /* Resources */ = {
			isa = PBXResourcesBuildPhase;
			buildActionMask = 2147483647;
			files = (
				B60B121A2BD95E1F0080446A /* LaunchScreen.storyboard in Resources */,
				B60B12172BD95E1F0080446A /* Assets.xcassets in Resources */,
				B60B12152BD95E1D0080446A /* Main.storyboard in Resources */,
				B61F3E682BE53B6B0010F4EE /* Home.storyboard in Resources */,
			);
			runOnlyForDeploymentPostprocessing = 0;
		};
/* End PBXResourcesBuildPhase section */

/* Begin PBXSourcesBuildPhase section */
		B60B12062BD95E1D0080446A /* Sources */ = {
			isa = PBXSourcesBuildPhase;
			buildActionMask = 2147483647;
			files = (
				B6B913132BDE419C001BC918 /* UserDefaultsHelper.swift in Sources */,
				B60B122B2BDD385D0080446A /* SignupVC.swift in Sources */,
				B6B913112BDE418F001BC918 /* RealmHelper.swift in Sources */,
				B6B9131C2BDE542F001BC918 /* Extensions.swift in Sources */,
				B60B12122BD95E1D0080446A /* LoginVC.swift in Sources */,
				B6B9131A2BDE43D1001BC918 /* Person.swift in Sources */,
				B61F3E6E2BE53D5E0010F4EE /* SignupVM.swift in Sources */,
				B60B120E2BD95E1D0080446A /* AppDelegate.swift in Sources */,
				B60B12102BD95E1D0080446A /* SceneDelegate.swift in Sources */,
				B61F3E6C2BE53D480010F4EE /* LoginVM.swift in Sources */,
			);
			runOnlyForDeploymentPostprocessing = 0;
		};
/* End PBXSourcesBuildPhase section */

/* Begin PBXVariantGroup section */
		B60B12132BD95E1D0080446A /* Main.storyboard */ = {
			isa = PBXVariantGroup;
			children = (
				B60B12142BD95E1D0080446A /* Base */,
			);
			name = Main.storyboard;
			sourceTree = "<group>";
		};
		B60B12182BD95E1F0080446A /* LaunchScreen.storyboard */ = {
			isa = PBXVariantGroup;
			children = (
				B60B12192BD95E1F0080446A /* Base */,
			);
			name = LaunchScreen.storyboard;
			sourceTree = "<group>";
		};
/* End PBXVariantGroup section */

/* Begin XCBuildConfiguration section */
		B60B121C2BD95E1F0080446A /* Debug */ = {
			isa = XCBuildConfiguration;
			buildSettings = {
				ALWAYS_SEARCH_USER_PATHS = NO;
				ASSETCATALOG_COMPILER_GENERATE_SWIFT_ASSET_SYMBOL_EXTENSIONS = YES;
				CLANG_ANALYZER_NONNULL = YES;
				CLANG_ANALYZER_NUMBER_OBJECT_CONVERSION = YES_AGGRESSIVE;
				CLANG_CXX_LANGUAGE_STANDARD = "gnu++20";
				CLANG_ENABLE_MODULES = YES;
				CLANG_ENABLE_OBJC_ARC = YES;
				CLANG_ENABLE_OBJC_WEAK = YES;
				CLANG_WARN_BLOCK_CAPTURE_AUTORELEASING = YES;
				CLANG_WARN_BOOL_CONVERSION = YES;
				CLANG_WARN_COMMA = YES;
				CLANG_WARN_CONSTANT_CONVERSION = YES;
				CLANG_WARN_DEPRECATED_OBJC_IMPLEMENTATIONS = YES;
				CLANG_WARN_DIRECT_OBJC_ISA_USAGE = YES_ERROR;
				CLANG_WARN_DOCUMENTATION_COMMENTS = YES;
				CLANG_WARN_EMPTY_BODY = YES;
				CLANG_WARN_ENUM_CONVERSION = YES;
				CLANG_WARN_INFINITE_RECURSION = YES;
				CLANG_WARN_INT_CONVERSION = YES;
				CLANG_WARN_NON_LITERAL_NULL_CONVERSION = YES;
				CLANG_WARN_OBJC_IMPLICIT_RETAIN_SELF = YES;
				CLANG_WARN_OBJC_LITERAL_CONVERSION = YES;
				CLANG_WARN_OBJC_ROOT_CLASS = YES_ERROR;
				CLANG_WARN_QUOTED_INCLUDE_IN_FRAMEWORK_HEADER = YES;
				CLANG_WARN_RANGE_LOOP_ANALYSIS = YES;
				CLANG_WARN_STRICT_PROTOTYPES = YES;
				CLANG_WARN_SUSPICIOUS_MOVE = YES;
				CLANG_WARN_UNGUARDED_AVAILABILITY = YES_AGGRESSIVE;
				CLANG_WARN_UNREACHABLE_CODE = YES;
				CLANG_WARN__DUPLICATE_METHOD_MATCH = YES;
				COPY_PHASE_STRIP = NO;
				DEBUG_INFORMATION_FORMAT = dwarf;
				ENABLE_STRICT_OBJC_MSGSEND = YES;
				ENABLE_TESTABILITY = YES;
				ENABLE_USER_SCRIPT_SANDBOXING = YES;
				GCC_C_LANGUAGE_STANDARD = gnu17;
				GCC_DYNAMIC_NO_PIC = NO;
				GCC_NO_COMMON_BLOCKS = YES;
				GCC_OPTIMIZATION_LEVEL = 0;
				GCC_PREPROCESSOR_DEFINITIONS = (
					"DEBUG=1",
					"$(inherited)",
				);
				GCC_WARN_64_TO_32_BIT_CONVERSION = YES;
				GCC_WARN_ABOUT_RETURN_TYPE = YES_ERROR;
				GCC_WARN_UNDECLARED_SELECTOR = YES;
				GCC_WARN_UNINITIALIZED_AUTOS = YES_AGGRESSIVE;
				GCC_WARN_UNUSED_FUNCTION = YES;
				GCC_WARN_UNUSED_VARIABLE = YES;
				IPHONEOS_DEPLOYMENT_TARGET = 17.0;
				LOCALIZATION_PREFERS_STRING_CATALOGS = YES;
				MTL_ENABLE_DEBUG_INFO = INCLUDE_SOURCE;
				MTL_FAST_MATH = YES;
				ONLY_ACTIVE_ARCH = YES;
				SDKROOT = iphoneos;
				SWIFT_ACTIVE_COMPILATION_CONDITIONS = "DEBUG $(inherited)";
				SWIFT_OPTIMIZATION_LEVEL = "-Onone";
			};
			name = Debug;
		};
		B60B121D2BD95E1F0080446A /* Release */ = {
			isa = XCBuildConfiguration;
			buildSettings = {
				ALWAYS_SEARCH_USER_PATHS = NO;
				ASSETCATALOG_COMPILER_GENERATE_SWIFT_ASSET_SYMBOL_EXTENSIONS = YES;
				CLANG_ANALYZER_NONNULL = YES;
				CLANG_ANALYZER_NUMBER_OBJECT_CONVERSION = YES_AGGRESSIVE;
				CLANG_CXX_LANGUAGE_STANDARD = "gnu++20";
				CLANG_ENABLE_MODULES = YES;
				CLANG_ENABLE_OBJC_ARC = YES;
				CLANG_ENABLE_OBJC_WEAK = YES;
				CLANG_WARN_BLOCK_CAPTURE_AUTORELEASING = YES;
				CLANG_WARN_BOOL_CONVERSION = YES;
				CLANG_WARN_COMMA = YES;
				CLANG_WARN_CONSTANT_CONVERSION = YES;
				CLANG_WARN_DEPRECATED_OBJC_IMPLEMENTATIONS = YES;
				CLANG_WARN_DIRECT_OBJC_ISA_USAGE = YES_ERROR;
				CLANG_WARN_DOCUMENTATION_COMMENTS = YES;
				CLANG_WARN_EMPTY_BODY = YES;
				CLANG_WARN_ENUM_CONVERSION = YES;
				CLANG_WARN_INFINITE_RECURSION = YES;
				CLANG_WARN_INT_CONVERSION = YES;
				CLANG_WARN_NON_LITERAL_NULL_CONVERSION = YES;
				CLANG_WARN_OBJC_IMPLICIT_RETAIN_SELF = YES;
				CLANG_WARN_OBJC_LITERAL_CONVERSION = YES;
				CLANG_WARN_OBJC_ROOT_CLASS = YES_ERROR;
				CLANG_WARN_QUOTED_INCLUDE_IN_FRAMEWORK_HEADER = YES;
				CLANG_WARN_RANGE_LOOP_ANALYSIS = YES;
				CLANG_WARN_STRICT_PROTOTYPES = YES;
				CLANG_WARN_SUSPICIOUS_MOVE = YES;
				CLANG_WARN_UNGUARDED_AVAILABILITY = YES_AGGRESSIVE;
				CLANG_WARN_UNREACHABLE_CODE = YES;
				CLANG_WARN__DUPLICATE_METHOD_MATCH = YES;
				COPY_PHASE_STRIP = NO;
				DEBUG_INFORMATION_FORMAT = "dwarf-with-dsym";
				ENABLE_NS_ASSERTIONS = NO;
				ENABLE_STRICT_OBJC_MSGSEND = YES;
				ENABLE_USER_SCRIPT_SANDBOXING = YES;
				GCC_C_LANGUAGE_STANDARD = gnu17;
				GCC_NO_COMMON_BLOCKS = YES;
				GCC_WARN_64_TO_32_BIT_CONVERSION = YES;
				GCC_WARN_ABOUT_RETURN_TYPE = YES_ERROR;
				GCC_WARN_UNDECLARED_SELECTOR = YES;
				GCC_WARN_UNINITIALIZED_AUTOS = YES_AGGRESSIVE;
				GCC_WARN_UNUSED_FUNCTION = YES;
				GCC_WARN_UNUSED_VARIABLE = YES;
				IPHONEOS_DEPLOYMENT_TARGET = 17.0;
				LOCALIZATION_PREFERS_STRING_CATALOGS = YES;
				MTL_ENABLE_DEBUG_INFO = NO;
				MTL_FAST_MATH = YES;
				SDKROOT = iphoneos;
				SWIFT_COMPILATION_MODE = wholemodule;
				VALIDATE_PRODUCT = YES;
			};
			name = Release;
		};
		B60B121F2BD95E1F0080446A /* Debug */ = {
			isa = XCBuildConfiguration;
			buildSettings = {
				ASSETCATALOG_COMPILER_APPICON_NAME = AppIcon;
				ASSETCATALOG_COMPILER_GLOBAL_ACCENT_COLOR_NAME = AccentColor;
				CODE_SIGN_STYLE = Automatic;
				CURRENT_PROJECT_VERSION = 1;
				DEVELOPMENT_TEAM = 3TT7UPH6YN;
				GENERATE_INFOPLIST_FILE = YES;
				INFOPLIST_FILE = flavorful/Info.plist;
				INFOPLIST_KEY_UIApplicationSupportsIndirectInputEvents = YES;
				INFOPLIST_KEY_UILaunchStoryboardName = LaunchScreen;
				INFOPLIST_KEY_UIMainStoryboardFile = Main;
				INFOPLIST_KEY_UISupportedInterfaceOrientations_iPad = "UIInterfaceOrientationPortrait UIInterfaceOrientationPortraitUpsideDown UIInterfaceOrientationLandscapeLeft UIInterfaceOrientationLandscapeRight";
				INFOPLIST_KEY_UISupportedInterfaceOrientations_iPhone = "UIInterfaceOrientationPortrait UIInterfaceOrientationLandscapeLeft UIInterfaceOrientationLandscapeRight";
				LD_RUNPATH_SEARCH_PATHS = (
					"$(inherited)",
					"@executable_path/Frameworks",
				);
				MARKETING_VERSION = 1.0;
				PRODUCT_BUNDLE_IDENTIFIER = sdm.flavorful;
				PRODUCT_NAME = "$(TARGET_NAME)";
				SWIFT_EMIT_LOC_STRINGS = YES;
				SWIFT_VERSION = 5.0;
				TARGETED_DEVICE_FAMILY = "1,2";
			};
			name = Debug;
		};
		B60B12202BD95E1F0080446A /* Release */ = {
			isa = XCBuildConfiguration;
			buildSettings = {
				ASSETCATALOG_COMPILER_APPICON_NAME = AppIcon;
				ASSETCATALOG_COMPILER_GLOBAL_ACCENT_COLOR_NAME = AccentColor;
				CODE_SIGN_STYLE = Automatic;
				CURRENT_PROJECT_VERSION = 1;
				DEVELOPMENT_TEAM = 3TT7UPH6YN;
				GENERATE_INFOPLIST_FILE = YES;
				INFOPLIST_FILE = flavorful/Info.plist;
				INFOPLIST_KEY_UIApplicationSupportsIndirectInputEvents = YES;
				INFOPLIST_KEY_UILaunchStoryboardName = LaunchScreen;
				INFOPLIST_KEY_UIMainStoryboardFile = Main;
				INFOPLIST_KEY_UISupportedInterfaceOrientations_iPad = "UIInterfaceOrientationPortrait UIInterfaceOrientationPortraitUpsideDown UIInterfaceOrientationLandscapeLeft UIInterfaceOrientationLandscapeRight";
				INFOPLIST_KEY_UISupportedInterfaceOrientations_iPhone = "UIInterfaceOrientationPortrait UIInterfaceOrientationLandscapeLeft UIInterfaceOrientationLandscapeRight";
				LD_RUNPATH_SEARCH_PATHS = (
					"$(inherited)",
					"@executable_path/Frameworks",
				);
				MARKETING_VERSION = 1.0;
				PRODUCT_BUNDLE_IDENTIFIER = sdm.flavorful;
				PRODUCT_NAME = "$(TARGET_NAME)";
				SWIFT_EMIT_LOC_STRINGS = YES;
				SWIFT_VERSION = 5.0;
				TARGETED_DEVICE_FAMILY = "1,2";
			};
			name = Release;
		};
/* End XCBuildConfiguration section */

/* Begin XCConfigurationList section */
		B60B12052BD95E1D0080446A /* Build configuration list for PBXProject "flavorful" */ = {
			isa = XCConfigurationList;
			buildConfigurations = (
				B60B121C2BD95E1F0080446A /* Debug */,
				B60B121D2BD95E1F0080446A /* Release */,
			);
			defaultConfigurationIsVisible = 0;
			defaultConfigurationName = Release;
		};
		B60B121E2BD95E1F0080446A /* Build configuration list for PBXNativeTarget "flavorful" */ = {
			isa = XCConfigurationList;
			buildConfigurations = (
				B60B121F2BD95E1F0080446A /* Debug */,
				B60B12202BD95E1F0080446A /* Release */,
			);
			defaultConfigurationIsVisible = 0;
			defaultConfigurationName = Release;
		};
/* End XCConfigurationList section */

/* Begin XCRemoteSwiftPackageReference section */
		B62FDFC92BE2BC9800E21A3A /* XCRemoteSwiftPackageReference "realm-swift" */ = {
			isa = XCRemoteSwiftPackageReference;
			repositoryURL = "https://github.com/realm/realm-swift.git";
			requirement = {
				kind = exactVersion;
				version = 10.49.2;
			};
		};
/* End XCRemoteSwiftPackageReference section */

/* Begin XCSwiftPackageProductDependency section */
		B62FDFCA2BE2BC9800E21A3A /* Realm */ = {
			isa = XCSwiftPackageProductDependency;
			package = B62FDFC92BE2BC9800E21A3A /* XCRemoteSwiftPackageReference "realm-swift" */;
			productName = Realm;
		};
		B62FDFCC2BE2BC9800E21A3A /* RealmSwift */ = {
			isa = XCSwiftPackageProductDependency;
			package = B62FDFC92BE2BC9800E21A3A /* XCRemoteSwiftPackageReference "realm-swift" */;
			productName = RealmSwift;
		};
/* End XCSwiftPackageProductDependency section */
	};
	rootObject = B60B12022BD95E1D0080446A /* Project object */;
}
